{
    "_readme": [
        "This file locks the dependencies of your project to a known state",
        "Read more about it at https://getcomposer.org/doc/01-basic-usage.md#installing-dependencies",
        "This file is @generated automatically"
    ],
    "content-hash": "b7241a410bc10da15ff1e747d2351e9f",
    "packages": [
        {
            "name": "lcobucci/clock",
            "version": "1.4.0",
            "source": {
                "type": "git",
                "url": "https://github.com/lcobucci/clock.git",
                "reference": "fa02578087595043169e9f898d048802da510105"
            },
            "dist": {
                "type": "zip",
                "url": "https://api.github.com/repos/lcobucci/clock/zipball/fa02578087595043169e9f898d048802da510105",
                "reference": "fa02578087595043169e9f898d048802da510105",
                "shasum": ""
            },
            "require": {
                "php": "^7.4 || ^8.0"
            },
            "require-dev": {
                "infection/infection": "^0.17",
                "lcobucci/coding-standard": "^6.0",
                "phpstan/extension-installer": "^1.0",
                "phpstan/phpstan": "^0.12",
                "phpstan/phpstan-deprecation-rules": "^0.12",
                "phpstan/phpstan-phpunit": "^0.12",
                "phpstan/phpstan-strict-rules": "^0.12",
                "phpunit/phpunit": "^9.3"
            },
            "type": "library",
            "extra": {
                "branch-alias": {
                    "dev-master": "1.4-dev"
                }
            },
            "autoload": {
                "psr-4": {
                    "Lcobucci\\Clock\\": "src"
                }
            },
            "notification-url": "https://packagist.org/downloads/",
            "license": [
                "MIT"
            ],
            "authors": [
                {
                    "name": "Luís Cobucci",
                    "email": "lcobucci@gmail.com"
                }
            ],
            "description": "Yet another clock abstraction",
            "support": {
                "issues": "https://github.com/lcobucci/clock/issues",
                "source": "https://github.com/lcobucci/clock/tree/master"
            },
            "funding": [
                {
                    "url": "https://github.com/lcobucci",
                    "type": "github"
                },
                {
                    "url": "https://www.patreon.com/lcobucci",
                    "type": "patreon"
                }
            ],
            "time": "2020-08-27T17:13:08+00:00"
        },
        {
            "name": "mnavarrocarter/fernet",
            "version": "2.0.1",
            "source": {
                "type": "git",
                "url": "https://github.com/mnavarrocarter/fernet.git",
                "reference": "da74714e4423eed47c08417a6a84c5d370bbb5b3"
            },
            "dist": {
                "type": "zip",
                "url": "https://api.github.com/repos/mnavarrocarter/fernet/zipball/da74714e4423eed47c08417a6a84c5d370bbb5b3",
                "reference": "da74714e4423eed47c08417a6a84c5d370bbb5b3",
                "shasum": ""
            },
            "require": {
                "ext-openssl": "*",
                "lcobucci/clock": "^1.2",
                "php": ">=7.2"
            },
            "require-dev": {
                "friendsofphp/php-cs-fixer": "^2.16",
                "phpunit/phpunit": "^8.0",
                "vimeo/psalm": "^3.11"
            },
            "type": "library",
            "autoload": {
                "files": [
                    "functions.php"
                ],
                "psr-4": {
                    "MNC\\Fernet\\": "src"
                }
            },
            "notification-url": "https://packagist.org/downloads/",
            "license": [
                "MIT"
            ],
            "authors": [
                {
                    "name": "Matías Navarro-Carter",
                    "email": "mnavarrocarter@gmail.com"
                }
            ],
            "description": "An object oriented Fernet implementation for PHP",
            "support": {
                "issues": "https://github.com/mnavarrocarter/fernet/issues",
                "source": "https://github.com/mnavarrocarter/fernet/tree/2.0.1"
            },
            "time": "2020-11-09T21:09:20+00:00"
        }
    ],
    "packages-dev": [],
    "aliases": [],
    "minimum-stability": "stable",
    "stability-flags": [],
    "prefer-stable": false,
    "prefer-lowest": false,
    "platform": [],
    "platform-dev": [],
    "plugin-api-version": "2.3.0"
}
